
Microsoft Visual Studio Solution File, Format Version 12.00
# Visual Studio 2013
VisualStudioVersion = 12.0.30723.0
MinimumVisualStudioVersion = 10.0.40219.1
Project("{FAE04EC0-301F-11D3-BF4B-00C04F79EFBC}") = "wopa", "wopa\wopa.csproj", "{415C016D-43DC-473D-8C77-A40E8465D7E2}"
EndProject
Project("{FAE04EC0-301F-11D3-BF4B-00C04F79EFBC}") = "wopax", "wopax\wopax.csproj", "{A3EBC5EA-9787-4AE5-BFF0-D322A6EB561A}"
EndProject
Global
	GlobalSection(SolutionConfigurationPlatforms) = preSolution
		Debug|Any CPU = Debug|Any CPU
		Release|Any CPU = Release|Any CPU
	EndGlobalSection
	GlobalSection(ProjectConfigurationPlatforms) = postSolution
		{415C016D-43DC-473D-8C77-A40E8465D7E2}.Debug|Any CPU.ActiveCfg = Debug|Any CPU
		{415C016D-43DC-473D-8C77-A40E8465D7E2}.Debug|Any CPU.Build.0 = Debug|Any CPU
		{415C016D-43DC-473D-8C77-A40E8465D7E2}.Release|Any CPU.ActiveCfg = Release|Any CPU
		{415C016D-43DC-473D-8C77-A40E8465D7E2}.Release|Any CPU.Build.0 = Release|Any CPU
		{A3EBC5EA-9787-4AE5-BFF0-D322A6EB561A}.Debug|Any CPU.ActiveCfg = Debug|Any CPU
		{A3EBC5EA-9787-4AE5-BFF0-D322A6EB561A}.Debug|Any CPU.Build.0 = Debug|Any CPU
		{A3EBC5EA-9787-4AE5-BFF0-D322A6EB561A}.Release|Any CPU.ActiveCfg = Release|Any CPU
		{A3EBC5EA-9787-4AE5-BFF0-D322A6EB561A}.Release|Any CPU.Build.0 = Release|Any CPU
	EndGlobalSection
	GlobalSection(SolutionProperties) = preSolution
		HideSolutionNode = FALSE
	EndGlobalSection
EndGlobal
